
Microsoft Visual Studio Solution File, Format Version 12.00
# Visual Studio Version 17
VisualStudioVersion = 17.0.31919.166
MinimumVisualStudioVersion = 10.0.40219.1
Project("{FAE04EC0-301F-11D3-BF4B-00C04F79EFBC}") = "Report1", "Report1\Report1.csproj", "{BCA3E666-F88F-4A1D-85CF-3AF4DE6584FA}"
EndProject
Global
	GlobalSection(SolutionConfigurationPlatforms) = preSolution
		Debug|Any CPU = Debug|Any CPU
		Release|Any CPU = Release|Any CPU
	EndGlobalSection
	GlobalSection(ProjectConfigurationPlatforms) = postSolution
		{BCA3E666-F88F-4A1D-85CF-3AF4DE6584FA}.Debug|Any CPU.ActiveCfg = Debug|Any CPU
		{BCA3E666-F88F-4A1D-85CF-3AF4DE6584FA}.Debug|Any CPU.Build.0 = Debug|Any CPU
		{BCA3E666-F88F-4A1D-85CF-3AF4DE6584FA}.Release|Any CPU.ActiveCfg = Release|Any CPU
		{BCA3E666-F88F-4A1D-85CF-3AF4DE6584FA}.Release|Any CPU.Build.0 = Release|Any CPU
	EndGlobalSection
	GlobalSection(SolutionProperties) = preSolution
		HideSolutionNode = FALSE
	EndGlobalSection
	GlobalSection(ExtensibilityGlobals) = postSolution
		SolutionGuid = {1E921BBF-D5AA-445D-816D-28ABA3156348}
	EndGlobalSection
EndGlobal
